
Microsoft Visual Studio Solution File, Format Version 12.00
# Visual Studio Version 17
VisualStudioVersion = 17.8.34322.80
MinimumVisualStudioVersion = 10.0.40219.1
Project("{9A19103F-16F7-4668-BE54-9A1E7A4F7556}") = "ConsoleApp1", "ConsoleApp1\ConsoleApp1.csproj", "{387C1928-4F2A-42C8-8D7E-45276BC5240F}"
EndProject
Global
	GlobalSection(SolutionConfigurationPlatforms) = preSolution
		Debug|Any CPU = Debug|Any CPU
		Release|Any CPU = Release|Any CPU
	EndGlobalSection
	GlobalSection(ProjectConfigurationPlatforms) = postSolution
		{387C1928-4F2A-42C8-8D7E-45276BC5240F}.Debug|Any CPU.ActiveCfg = Debug|Any CPU
		{387C1928-4F2A-42C8-8D7E-45276BC5240F}.Debug|Any CPU.Build.0 = Debug|Any CPU
		{387C1928-4F2A-42C8-8D7E-45276BC5240F}.Release|Any CPU.ActiveCfg = Release|Any CPU
		{387C1928-4F2A-42C8-8D7E-45276BC5240F}.Release|Any CPU.Build.0 = Release|Any CPU
	EndGlobalSection
	GlobalSection(SolutionProperties) = preSolution
		HideSolutionNode = FALSE
	EndGlobalSection
	GlobalSection(ExtensibilityGlobals) = postSolution
		SolutionGuid = {9AB905A8-34FF-4B6C-94A1-E27A77C2ACEE}
	EndGlobalSection
EndGlobal
